// !$*UTF8*$!
{
	archiveVersion = 1;
	classes = {
	};
	objectVersion = 56;
	objects = {

/* Begin PBXBuildFile section */
		0402BA602971D39500B79935 /* BottomButton.swift in Sources */ = {isa = PBXBuildFile; fileRef = 0402BA5F2971D39500B79935 /* BottomButton.swift */; };
		0402BA622971D53C00B79935 /* BottomButton.xib in Resources */ = {isa = PBXBuildFile; fileRef = 0402BA612971D53C00B79935 /* BottomButton.xib */; };
		040A34372975C53A000B0099 /* AdaptiveFontSizeLabel.swift in Sources */ = {isa = PBXBuildFile; fileRef = 040A34362975C53A000B0099 /* AdaptiveFontSizeLabel.swift */; };
		040E3CBC2971AF290057B25E /* ListStyleResultView.xib in Resources */ = {isa = PBXBuildFile; fileRef = 040E3CBB2971AF290057B25E /* ListStyleResultView.xib */; };
		040E3CBE2971B0130057B25E /* ListStyleResultView.swift in Sources */ = {isa = PBXBuildFile; fileRef = 040E3CBD2971B0130057B25E /* ListStyleResultView.swift */; };
		040E3CCB2971C8AC0057B25E /* LargeListStyleResultView.xib in Resources */ = {isa = PBXBuildFile; fileRef = 040E3CCA2971C8AC0057B25E /* LargeListStyleResultView.xib */; };
		040E3CCD2971C8C20057B25E /* LargeListStyleResultView.swift in Sources */ = {isa = PBXBuildFile; fileRef = 040E3CCC2971C8C20057B25E /* LargeListStyleResultView.swift */; };
		0412EEFC29705C5900256579 /* CircularProgressBar.swift in Sources */ = {isa = PBXBuildFile; fileRef = 0412EEFB29705C5900256579 /* CircularProgressBar.swift */; };
		04159921296F155400EEB699 /* ResultMenuButton.xib in Resources */ = {isa = PBXBuildFile; fileRef = 04159920296F155400EEB699 /* ResultMenuButton.xib */; };
		04159924296F3DA100EEB699 /* ResultMenuViewController.swift in Sources */ = {isa = PBXBuildFile; fileRef = 04159923296F3DA100EEB699 /* ResultMenuViewController.swift */; };
		0415992C296F42C100EEB699 /* ConcentrationResultViewController.swift in Sources */ = {isa = PBXBuildFile; fileRef = 0415992B296F42C100EEB699 /* ConcentrationResultViewController.swift */; };
		0415992F296F477600EEB699 /* NibLoadable.swift in Sources */ = {isa = PBXBuildFile; fileRef = 0415992E296F477500EEB699 /* NibLoadable.swift */; };
		041ECBAF296ED84C0053AC9C /* AppDelegate.swift in Sources */ = {isa = PBXBuildFile; fileRef = 041ECBAE296ED84C0053AC9C /* AppDelegate.swift */; };
		041ECBB1296ED84C0053AC9C /* SceneDelegate.swift in Sources */ = {isa = PBXBuildFile; fileRef = 041ECBB0296ED84C0053AC9C /* SceneDelegate.swift */; };
		041ECBB6296ED84C0053AC9C /* Main.storyboard in Resources */ = {isa = PBXBuildFile; fileRef = 041ECBB4296ED84C0053AC9C /* Main.storyboard */; };
		041ECBB8296ED84E0053AC9C /* Assets.xcassets in Resources */ = {isa = PBXBuildFile; fileRef = 041ECBB7296ED84E0053AC9C /* Assets.xcassets */; };
		041ECBBB296ED84E0053AC9C /* LaunchScreen.storyboard in Resources */ = {isa = PBXBuildFile; fileRef = 041ECBB9296ED84E0053AC9C /* LaunchScreen.storyboard */; };
		041ECBC8296EE3E20053AC9C /* ResultMenuButton.swift in Sources */ = {isa = PBXBuildFile; fileRef = 041ECBC7296EE3E20053AC9C /* ResultMenuButton.swift */; };
		041ECBCB296EF0C80053AC9C /* UIView+Extension.swift in Sources */ = {isa = PBXBuildFile; fileRef = 041ECBCA296EF0C80053AC9C /* UIView+Extension.swift */; };
		041ECBCD296EF2FC0053AC9C /* CircleView.swift in Sources */ = {isa = PBXBuildFile; fileRef = 041ECBCC296EF2FB0053AC9C /* CircleView.swift */; };
		041ECBCF296EFEF40053AC9C /* GradientView.swift in Sources */ = {isa = PBXBuildFile; fileRef = 041ECBCE296EFEF40053AC9C /* GradientView.swift */; };
		045E56462976B54400E47C77 /* UnderLineTextField.swift in Sources */ = {isa = PBXBuildFile; fileRef = 045E56452976B54400E47C77 /* UnderLineTextField.swift */; };
		045E56482976E70700E47C77 /* UIFont+Extension.swift in Sources */ = {isa = PBXBuildFile; fileRef = 045E56472976E70700E47C77 /* UIFont+Extension.swift */; };
		045E564A2976F42700E47C77 /* WithdrawalInformationViewController.swift in Sources */ = {isa = PBXBuildFile; fileRef = 045E56492976F42700E47C77 /* WithdrawalInformationViewController.swift */; };
		045E564E2977068400E47C77 /* WithdrawlCoinTextField.swift in Sources */ = {isa = PBXBuildFile; fileRef = 045E564D2977068400E47C77 /* WithdrawlCoinTextField.swift */; };
		0465604E29754E6D00C4CACD /* ReviewerTabBarController.swift in Sources */ = {isa = PBXBuildFile; fileRef = 0465604D29754E6D00C4CACD /* ReviewerTabBarController.swift */; };
		046560502975591300C4CACD /* CALayer+Extension.swift in Sources */ = {isa = PBXBuildFile; fileRef = 0465604F2975591300C4CACD /* CALayer+Extension.swift */; };
		046AD0FC2972A53C00602F89 /* ShortsResultViewController.swift in Sources */ = {isa = PBXBuildFile; fileRef = 046AD0FB2972A53C00602F89 /* ShortsResultViewController.swift */; };
		046AD0FF2972D1B000602F89 /* ShortsCollectionViewCell.swift in Sources */ = {isa = PBXBuildFile; fileRef = 046AD0FE2972D1B000602F89 /* ShortsCollectionViewCell.swift */; };
		046AD1012972D7A900602F89 /* AlertDisplaying.swift in Sources */ = {isa = PBXBuildFile; fileRef = 046AD1002972D7A900602F89 /* AlertDisplaying.swift */; };
		046AD1042972E54F00602F89 /* LoginViewController.swift in Sources */ = {isa = PBXBuildFile; fileRef = 046AD1032972E54F00602F89 /* LoginViewController.swift */; };
		046AD1092972FCC200602F89 /* SigninButton.swift in Sources */ = {isa = PBXBuildFile; fileRef = 046AD1082972FCC200602F89 /* SigninButton.swift */; };
		047A5F3B297075D6007CDBC4 /* EmotionResultViewController.swift in Sources */ = {isa = PBXBuildFile; fileRef = 047A5F3A297075D6007CDBC4 /* EmotionResultViewController.swift */; };
		047A5F3E29707739007CDBC4 /* SceneStealerResultViewController.swift in Sources */ = {isa = PBXBuildFile; fileRef = 047A5F3D29707739007CDBC4 /* SceneStealerResultViewController.swift */; };
		047A5F4829707CBE007CDBC4 /* SceneListLargeView.swift in Sources */ = {isa = PBXBuildFile; fileRef = 047A5F4729707CBE007CDBC4 /* SceneListLargeView.swift */; };
		047A5F4A29707D2B007CDBC4 /* HighlightResultViewController.swift in Sources */ = {isa = PBXBuildFile; fileRef = 047A5F4929707D2B007CDBC4 /* HighlightResultViewController.swift */; };
		047A5F4D29708413007CDBC4 /* SceneListLargeTableViewCell.swift in Sources */ = {isa = PBXBuildFile; fileRef = 047A5F4B29708413007CDBC4 /* SceneListLargeTableViewCell.swift */; };
		047A5F4E29708413007CDBC4 /* SceneListLargeTableViewCell.xib in Resources */ = {isa = PBXBuildFile; fileRef = 047A5F4C29708413007CDBC4 /* SceneListLargeTableViewCell.xib */; };
		049F584D29784FFD002EC2F7 /* ReceiptView.swift in Sources */ = {isa = PBXBuildFile; fileRef = 049F584C29784FFD002EC2F7 /* ReceiptView.swift */; };
		04A94F062978129200BF5F4B /* MyPageViewController.swift in Sources */ = {isa = PBXBuildFile; fileRef = 04A94F052978129200BF5F4B /* MyPageViewController.swift */; };
		04A94F0B2978318B00BF5F4B /* CoinHistoryTableViewCell.swift in Sources */ = {isa = PBXBuildFile; fileRef = 04A94F0A2978318B00BF5F4B /* CoinHistoryTableViewCell.swift */; };
		04A94F132978495700BF5F4B /* ReceiptView.xib in Resources */ = {isa = PBXBuildFile; fileRef = 04A94F122978495700BF5F4B /* ReceiptView.xib */; };
		04E8B78D2970514B000F0859 /* SceneListView.xib in Resources */ = {isa = PBXBuildFile; fileRef = 04E8B78C2970514B000F0859 /* SceneListView.xib */; };
		04E8B78F2970524E000F0859 /* SceneListView.swift in Sources */ = {isa = PBXBuildFile; fileRef = 04E8B78E2970524E000F0859 /* SceneListView.swift */; };
		04E8B794297053B5000F0859 /* SceneListTableViewCell.swift in Sources */ = {isa = PBXBuildFile; fileRef = 04E8B792297053B5000F0859 /* SceneListTableViewCell.swift */; };
		04E8B795297053B5000F0859 /* SceneListTableViewCell.xib in Resources */ = {isa = PBXBuildFile; fileRef = 04E8B793297053B5000F0859 /* SceneListTableViewCell.xib */; };
		04FA5D63297466D30015D91B /* ShopViewController.swift in Sources */ = {isa = PBXBuildFile; fileRef = 04FA5D62297466D30015D91B /* ShopViewController.swift */; };
/* End PBXBuildFile section */

/* Begin PBXFileReference section */
		0402BA5F2971D39500B79935 /* BottomButton.swift */ = {isa = PBXFileReference; lastKnownFileType = sourcecode.swift; path = BottomButton.swift; sourceTree = "<group>"; };
		0402BA612971D53C00B79935 /* BottomButton.xib */ = {isa = PBXFileReference; lastKnownFileType = file.xib; path = BottomButton.xib; sourceTree = "<group>"; };
		040A34362975C53A000B0099 /* AdaptiveFontSizeLabel.swift */ = {isa = PBXFileReference; lastKnownFileType = sourcecode.swift; path = AdaptiveFontSizeLabel.swift; sourceTree = "<group>"; };
		040E3CBB2971AF290057B25E /* ListStyleResultView.xib */ = {isa = PBXFileReference; lastKnownFileType = file.xib; path = ListStyleResultView.xib; sourceTree = "<group>"; };
		040E3CBD2971B0130057B25E /* ListStyleResultView.swift */ = {isa = PBXFileReference; lastKnownFileType = sourcecode.swift; path = ListStyleResultView.swift; sourceTree = "<group>"; };
		040E3CCA2971C8AC0057B25E /* LargeListStyleResultView.xib */ = {isa = PBXFileReference; lastKnownFileType = file.xib; path = LargeListStyleResultView.xib; sourceTree = "<group>"; };
		040E3CCC2971C8C20057B25E /* LargeListStyleResultView.swift */ = {isa = PBXFileReference; lastKnownFileType = sourcecode.swift; path = LargeListStyleResultView.swift; sourceTree = "<group>"; };
		0412EEFB29705C5900256579 /* CircularProgressBar.swift */ = {isa = PBXFileReference; lastKnownFileType = sourcecode.swift; path = CircularProgressBar.swift; sourceTree = "<group>"; };
		04159920296F155400EEB699 /* ResultMenuButton.xib */ = {isa = PBXFileReference; lastKnownFileType = file.xib; path = ResultMenuButton.xib; sourceTree = "<group>"; };
		04159923296F3DA100EEB699 /* ResultMenuViewController.swift */ = {isa = PBXFileReference; lastKnownFileType = sourcecode.swift; path = ResultMenuViewController.swift; sourceTree = "<group>"; };
		0415992B296F42C100EEB699 /* ConcentrationResultViewController.swift */ = {isa = PBXFileReference; lastKnownFileType = sourcecode.swift; path = ConcentrationResultViewController.swift; sourceTree = "<group>"; };
		0415992E296F477500EEB699 /* NibLoadable.swift */ = {isa = PBXFileReference; lastKnownFileType = sourcecode.swift; path = NibLoadable.swift; sourceTree = "<group>"; };
		041ECBAB296ED84C0053AC9C /* Seetube.app */ = {isa = PBXFileReference; explicitFileType = wrapper.application; includeInIndex = 0; path = Seetube.app; sourceTree = BUILT_PRODUCTS_DIR; };
		041ECBAE296ED84C0053AC9C /* AppDelegate.swift */ = {isa = PBXFileReference; lastKnownFileType = sourcecode.swift; path = AppDelegate.swift; sourceTree = "<group>"; };
		041ECBB0296ED84C0053AC9C /* SceneDelegate.swift */ = {isa = PBXFileReference; lastKnownFileType = sourcecode.swift; path = SceneDelegate.swift; sourceTree = "<group>"; };
		041ECBB5296ED84C0053AC9C /* Base */ = {isa = PBXFileReference; lastKnownFileType = file.storyboard; name = Base; path = Base.lproj/Main.storyboard; sourceTree = "<group>"; };
		041ECBB7296ED84E0053AC9C /* Assets.xcassets */ = {isa = PBXFileReference; lastKnownFileType = folder.assetcatalog; path = Assets.xcassets; sourceTree = "<group>"; };
		041ECBBA296ED84E0053AC9C /* Base */ = {isa = PBXFileReference; lastKnownFileType = file.storyboard; name = Base; path = Base.lproj/LaunchScreen.storyboard; sourceTree = "<group>"; };
		041ECBBC296ED84E0053AC9C /* Info.plist */ = {isa = PBXFileReference; lastKnownFileType = text.plist.xml; path = Info.plist; sourceTree = "<group>"; };
		041ECBC7296EE3E20053AC9C /* ResultMenuButton.swift */ = {isa = PBXFileReference; lastKnownFileType = sourcecode.swift; path = ResultMenuButton.swift; sourceTree = "<group>"; };
		041ECBCA296EF0C80053AC9C /* UIView+Extension.swift */ = {isa = PBXFileReference; lastKnownFileType = sourcecode.swift; path = "UIView+Extension.swift"; sourceTree = "<group>"; };
		041ECBCC296EF2FB0053AC9C /* CircleView.swift */ = {isa = PBXFileReference; lastKnownFileType = sourcecode.swift; path = CircleView.swift; sourceTree = "<group>"; };
		041ECBCE296EFEF40053AC9C /* GradientView.swift */ = {isa = PBXFileReference; lastKnownFileType = sourcecode.swift; path = GradientView.swift; sourceTree = "<group>"; };
		045E56452976B54400E47C77 /* UnderLineTextField.swift */ = {isa = PBXFileReference; lastKnownFileType = sourcecode.swift; path = UnderLineTextField.swift; sourceTree = "<group>"; };
		045E56472976E70700E47C77 /* UIFont+Extension.swift */ = {isa = PBXFileReference; lastKnownFileType = sourcecode.swift; path = "UIFont+Extension.swift"; sourceTree = "<group>"; };
		045E56492976F42700E47C77 /* WithdrawalInformationViewController.swift */ = {isa = PBXFileReference; lastKnownFileType = sourcecode.swift; path = WithdrawalInformationViewController.swift; sourceTree = "<group>"; };
		045E564D2977068400E47C77 /* WithdrawlCoinTextField.swift */ = {isa = PBXFileReference; lastKnownFileType = sourcecode.swift; path = WithdrawlCoinTextField.swift; sourceTree = "<group>"; };
		0465604D29754E6D00C4CACD /* ReviewerTabBarController.swift */ = {isa = PBXFileReference; lastKnownFileType = sourcecode.swift; path = ReviewerTabBarController.swift; sourceTree = "<group>"; };
		0465604F2975591300C4CACD /* CALayer+Extension.swift */ = {isa = PBXFileReference; lastKnownFileType = sourcecode.swift; path = "CALayer+Extension.swift"; sourceTree = "<group>"; };
		046AD0FB2972A53C00602F89 /* ShortsResultViewController.swift */ = {isa = PBXFileReference; lastKnownFileType = sourcecode.swift; path = ShortsResultViewController.swift; sourceTree = "<group>"; };
		046AD0FE2972D1B000602F89 /* ShortsCollectionViewCell.swift */ = {isa = PBXFileReference; lastKnownFileType = sourcecode.swift; path = ShortsCollectionViewCell.swift; sourceTree = "<group>"; };
		046AD1002972D7A900602F89 /* AlertDisplaying.swift */ = {isa = PBXFileReference; lastKnownFileType = sourcecode.swift; path = AlertDisplaying.swift; sourceTree = "<group>"; };
		046AD1032972E54F00602F89 /* LoginViewController.swift */ = {isa = PBXFileReference; lastKnownFileType = sourcecode.swift; path = LoginViewController.swift; sourceTree = "<group>"; };
		046AD1082972FCC200602F89 /* SigninButton.swift */ = {isa = PBXFileReference; lastKnownFileType = sourcecode.swift; path = SigninButton.swift; sourceTree = "<group>"; };
		047A5F3A297075D6007CDBC4 /* EmotionResultViewController.swift */ = {isa = PBXFileReference; lastKnownFileType = sourcecode.swift; path = EmotionResultViewController.swift; sourceTree = "<group>"; };
		047A5F3D29707739007CDBC4 /* SceneStealerResultViewController.swift */ = {isa = PBXFileReference; lastKnownFileType = sourcecode.swift; path = SceneStealerResultViewController.swift; sourceTree = "<group>"; };
		047A5F4729707CBE007CDBC4 /* SceneListLargeView.swift */ = {isa = PBXFileReference; lastKnownFileType = sourcecode.swift; path = SceneListLargeView.swift; sourceTree = "<group>"; };
		047A5F4929707D2B007CDBC4 /* HighlightResultViewController.swift */ = {isa = PBXFileReference; lastKnownFileType = sourcecode.swift; path = HighlightResultViewController.swift; sourceTree = "<group>"; };
		047A5F4B29708413007CDBC4 /* SceneListLargeTableViewCell.swift */ = {isa = PBXFileReference; lastKnownFileType = sourcecode.swift; path = SceneListLargeTableViewCell.swift; sourceTree = "<group>"; };
		047A5F4C29708413007CDBC4 /* SceneListLargeTableViewCell.xib */ = {isa = PBXFileReference; lastKnownFileType = file.xib; path = SceneListLargeTableViewCell.xib; sourceTree = "<group>"; };
		049F584C29784FFD002EC2F7 /* ReceiptView.swift */ = {isa = PBXFileReference; lastKnownFileType = sourcecode.swift; path = ReceiptView.swift; sourceTree = "<group>"; };
		04A94F052978129200BF5F4B /* MyPageViewController.swift */ = {isa = PBXFileReference; lastKnownFileType = sourcecode.swift; path = MyPageViewController.swift; sourceTree = "<group>"; };
		04A94F0A2978318B00BF5F4B /* CoinHistoryTableViewCell.swift */ = {isa = PBXFileReference; lastKnownFileType = sourcecode.swift; path = CoinHistoryTableViewCell.swift; sourceTree = "<group>"; };
		04A94F122978495700BF5F4B /* ReceiptView.xib */ = {isa = PBXFileReference; lastKnownFileType = file.xib; path = ReceiptView.xib; sourceTree = "<group>"; };
		04E8B78C2970514B000F0859 /* SceneListView.xib */ = {isa = PBXFileReference; lastKnownFileType = file.xib; path = SceneListView.xib; sourceTree = "<group>"; };
		04E8B78E2970524E000F0859 /* SceneListView.swift */ = {isa = PBXFileReference; lastKnownFileType = sourcecode.swift; path = SceneListView.swift; sourceTree = "<group>"; };
		04E8B792297053B5000F0859 /* SceneListTableViewCell.swift */ = {isa = PBXFileReference; lastKnownFileType = sourcecode.swift; path = SceneListTableViewCell.swift; sourceTree = "<group>"; };
		04E8B793297053B5000F0859 /* SceneListTableViewCell.xib */ = {isa = PBXFileReference; lastKnownFileType = file.xib; path = SceneListTableViewCell.xib; sourceTree = "<group>"; };
		04FA5D62297466D30015D91B /* ShopViewController.swift */ = {isa = PBXFileReference; lastKnownFileType = sourcecode.swift; path = ShopViewController.swift; sourceTree = "<group>"; };
/* End PBXFileReference section */

/* Begin PBXFrameworksBuildPhase section */
		041ECBA8296ED84C0053AC9C /* Frameworks */ = {
			isa = PBXFrameworksBuildPhase;
			buildActionMask = 2147483647;
			files = (
			);
			runOnlyForDeploymentPostprocessing = 0;
		};
/* End PBXFrameworksBuildPhase section */

/* Begin PBXGroup section */
		040E3CC42971BAFA0057B25E /* Protocol */ = {
			isa = PBXGroup;
			children = (
				0415992E296F477500EEB699 /* NibLoadable.swift */,
				046AD1002972D7A900602F89 /* AlertDisplaying.swift */,
			);
			path = Protocol;
			sourceTree = "<group>";
		};
		04159922296F2CB600EEB699 /* Frameworks */ = {
			isa = PBXGroup;
			children = (
			);
			name = Frameworks;
			sourceTree = "<group>";
		};
		04159925296F3DA800EEB699 /* Youtuber */ = {
			isa = PBXGroup;
			children = (
				047A5F3829707587007CDBC4 /* Reusable */,
				04159928296F3DD400EEB699 /* ResultMenu */,
				04159929296F428A00EEB699 /* ConcentrationResult */,
				047A5F372970755E007CDBC4 /* EmotionResult */,
				047A5F3C297076E6007CDBC4 /* SceneStealerResult */,
				047A5F3F297077EC007CDBC4 /* HighlightResult */,
				046AD0FA2972A4E300602F89 /* ShortsResult */,
			);
			path = Youtuber;
			sourceTree = "<group>";
		};
		04159926296F3DB100EEB699 /* Reviewer */ = {
			isa = PBXGroup;
			children = (
				0465604D29754E6D00C4CACD /* ReviewerTabBarController.swift */,
				04FA5D612974669E0015D91B /* Shop */,
				04A94F072978129800BF5F4B /* MyPage */,
			);
			path = Reviewer;
			sourceTree = "<group>";
		};
		04159928296F3DD400EEB699 /* ResultMenu */ = {
			isa = PBXGroup;
			children = (
				04159923296F3DA100EEB699 /* ResultMenuViewController.swift */,
				041ECBC2296EE20C0053AC9C /* View */,
			);
			path = ResultMenu;
			sourceTree = "<group>";
		};
		04159929296F428A00EEB699 /* ConcentrationResult */ = {
			isa = PBXGroup;
			children = (
				0415992B296F42C100EEB699 /* ConcentrationResultViewController.swift */,
			);
			path = ConcentrationResult;
			sourceTree = "<group>";
		};
		0415992D296F475600EEB699 /* View */ = {
			isa = PBXGroup;
			children = (
				041ECBCC296EF2FB0053AC9C /* CircleView.swift */,
				041ECBCE296EFEF40053AC9C /* GradientView.swift */,
				0402BA612971D53C00B79935 /* BottomButton.xib */,
				0402BA5F2971D39500B79935 /* BottomButton.swift */,
				040A34362975C53A000B0099 /* AdaptiveFontSizeLabel.swift */,
			);
			path = View;
			sourceTree = "<group>";
		};
		041ECBA2296ED84C0053AC9C = {
			isa = PBXGroup;
			children = (
				041ECBAD296ED84C0053AC9C /* Seetube */,
				041ECBAC296ED84C0053AC9C /* Products */,
				04159922296F2CB600EEB699 /* Frameworks */,
			);
			sourceTree = "<group>";
		};
		041ECBAC296ED84C0053AC9C /* Products */ = {
			isa = PBXGroup;
			children = (
				041ECBAB296ED84C0053AC9C /* Seetube.app */,
			);
			name = Products;
			sourceTree = "<group>";
		};
		041ECBAD296ED84C0053AC9C /* Seetube */ = {
			isa = PBXGroup;
			children = (
				040E3CC42971BAFA0057B25E /* Protocol */,
				0415992D296F475600EEB699 /* View */,
				041ECBC9296EF0B80053AC9C /* Extension */,
				04FA5D602974668D0015D91B /* Common */,
				04159926296F3DB100EEB699 /* Reviewer */,
				04159925296F3DA800EEB699 /* Youtuber */,
				041ECBAE296ED84C0053AC9C /* AppDelegate.swift */,
				041ECBB0296ED84C0053AC9C /* SceneDelegate.swift */,
				041ECBB4296ED84C0053AC9C /* Main.storyboard */,
				041ECBB7296ED84E0053AC9C /* Assets.xcassets */,
				041ECBB9296ED84E0053AC9C /* LaunchScreen.storyboard */,
				041ECBBC296ED84E0053AC9C /* Info.plist */,
			);
			path = Seetube;
			sourceTree = "<group>";
		};
		041ECBC2296EE20C0053AC9C /* View */ = {
			isa = PBXGroup;
			children = (
				04159920296F155400EEB699 /* ResultMenuButton.xib */,
				041ECBC7296EE3E20053AC9C /* ResultMenuButton.swift */,
			);
			path = View;
			sourceTree = "<group>";
		};
		041ECBC9296EF0B80053AC9C /* Extension */ = {
			isa = PBXGroup;
			children = (
				041ECBCA296EF0C80053AC9C /* UIView+Extension.swift */,
				0465604F2975591300C4CACD /* CALayer+Extension.swift */,
				045E56472976E70700E47C77 /* UIFont+Extension.swift */,
			);
			path = Extension;
			sourceTree = "<group>";
		};
		045E56442976B52000E47C77 /* View */ = {
			isa = PBXGroup;
			children = (
				045E56452976B54400E47C77 /* UnderLineTextField.swift */,
				045E564D2977068400E47C77 /* WithdrawlCoinTextField.swift */,
				04A94F122978495700BF5F4B /* ReceiptView.xib */,
				049F584C29784FFD002EC2F7 /* ReceiptView.swift */,
			);
			path = View;
			sourceTree = "<group>";
		};
		046AD0FA2972A4E300602F89 /* ShortsResult */ = {
			isa = PBXGroup;
			children = (
				046AD0FB2972A53C00602F89 /* ShortsResultViewController.swift */,
				046AD0FD2972D18900602F89 /* View */,
			);
			path = ShortsResult;
			sourceTree = "<group>";
		};
		046AD0FD2972D18900602F89 /* View */ = {
			isa = PBXGroup;
			children = (
				046AD0FE2972D1B000602F89 /* ShortsCollectionViewCell.swift */,
			);
			path = View;
			sourceTree = "<group>";
		};
		046AD1022972E51200602F89 /* Login */ = {
			isa = PBXGroup;
			children = (
				046AD1032972E54F00602F89 /* LoginViewController.swift */,
				046AD1052972FB3C00602F89 /* View */,
			);
			path = Login;
			sourceTree = "<group>";
		};
		046AD1052972FB3C00602F89 /* View */ = {
			isa = PBXGroup;
			children = (
				046AD1082972FCC200602F89 /* SigninButton.swift */,
			);
			path = View;
			sourceTree = "<group>";
		};
		047A5F372970755E007CDBC4 /* EmotionResult */ = {
			isa = PBXGroup;
			children = (
				047A5F3A297075D6007CDBC4 /* EmotionResultViewController.swift */,
			);
			path = EmotionResult;
			sourceTree = "<group>";
		};
		047A5F3829707587007CDBC4 /* Reusable */ = {
			isa = PBXGroup;
			children = (
				047A5F3929707599007CDBC4 /* View */,
			);
			path = Reusable;
			sourceTree = "<group>";
		};
		047A5F3929707599007CDBC4 /* View */ = {
			isa = PBXGroup;
			children = (
				04E8B78C2970514B000F0859 /* SceneListView.xib */,
				04E8B78E2970524E000F0859 /* SceneListView.swift */,
				04E8B793297053B5000F0859 /* SceneListTableViewCell.xib */,
				04E8B792297053B5000F0859 /* SceneListTableViewCell.swift */,
				0412EEFB29705C5900256579 /* CircularProgressBar.swift */,
				040E3CBB2971AF290057B25E /* ListStyleResultView.xib */,
				040E3CBD2971B0130057B25E /* ListStyleResultView.swift */,
			);
			path = View;
			sourceTree = "<group>";
		};
		047A5F3C297076E6007CDBC4 /* SceneStealerResult */ = {
			isa = PBXGroup;
			children = (
				047A5F3D29707739007CDBC4 /* SceneStealerResultViewController.swift */,
			);
			path = SceneStealerResult;
			sourceTree = "<group>";
		};
		047A5F3F297077EC007CDBC4 /* HighlightResult */ = {
			isa = PBXGroup;
			children = (
				047A5F4929707D2B007CDBC4 /* HighlightResultViewController.swift */,
				047A5F40297077FB007CDBC4 /* View */,
			);
			path = HighlightResult;
			sourceTree = "<group>";
		};
		047A5F40297077FB007CDBC4 /* View */ = {
			isa = PBXGroup;
			children = (
				047A5F4729707CBE007CDBC4 /* SceneListLargeView.swift */,
				047A5F4C29708413007CDBC4 /* SceneListLargeTableViewCell.xib */,
				047A5F4B29708413007CDBC4 /* SceneListLargeTableViewCell.swift */,
				040E3CCA2971C8AC0057B25E /* LargeListStyleResultView.xib */,
				040E3CCC2971C8C20057B25E /* LargeListStyleResultView.swift */,
			);
			path = View;
			sourceTree = "<group>";
		};
		04A94F072978129800BF5F4B /* MyPage */ = {
			isa = PBXGroup;
			children = (
				04A94F052978129200BF5F4B /* MyPageViewController.swift */,
				04A94F092978316E00BF5F4B /* View */,
			);
			path = MyPage;
			sourceTree = "<group>";
		};
		04A94F092978316E00BF5F4B /* View */ = {
			isa = PBXGroup;
			children = (
				04A94F0A2978318B00BF5F4B /* CoinHistoryTableViewCell.swift */,
			);
			path = View;
			sourceTree = "<group>";
		};
		04FA5D602974668D0015D91B /* Common */ = {
			isa = PBXGroup;
			children = (
				046AD1022972E51200602F89 /* Login */,
			);
			path = Common;
			sourceTree = "<group>";
		};
		04FA5D612974669E0015D91B /* Shop */ = {
			isa = PBXGroup;
			children = (
				04FA5D62297466D30015D91B /* ShopViewController.swift */,
				045E56492976F42700E47C77 /* WithdrawalInformationViewController.swift */,
				045E56442976B52000E47C77 /* View */,
			);
			path = Shop;
			sourceTree = "<group>";
		};
/* End PBXGroup section */

/* Begin PBXNativeTarget section */
		041ECBAA296ED84C0053AC9C /* Seetube */ = {
			isa = PBXNativeTarget;
			buildConfigurationList = 041ECBBF296ED84E0053AC9C /* Build configuration list for PBXNativeTarget "Seetube" */;
			buildPhases = (
				041ECBA7296ED84C0053AC9C /* Sources */,
				041ECBA8296ED84C0053AC9C /* Frameworks */,
				041ECBA9296ED84C0053AC9C /* Resources */,
			);
			buildRules = (
			);
			dependencies = (
			);
			name = Seetube;
			productName = Seetube;
			productReference = 041ECBAB296ED84C0053AC9C /* Seetube.app */;
			productType = "com.apple.product-type.application";
		};
/* End PBXNativeTarget section */

/* Begin PBXProject section */
		041ECBA3296ED84C0053AC9C /* Project object */ = {
			isa = PBXProject;
			attributes = {
				BuildIndependentTargetsInParallel = 1;
				LastSwiftUpdateCheck = 1420;
				LastUpgradeCheck = 1420;
				TargetAttributes = {
					041ECBAA296ED84C0053AC9C = {
						CreatedOnToolsVersion = 14.2;
					};
				};
			};
			buildConfigurationList = 041ECBA6296ED84C0053AC9C /* Build configuration list for PBXProject "Seetube" */;
			compatibilityVersion = "Xcode 14.0";
			developmentRegion = en;
			hasScannedForEncodings = 0;
			knownRegions = (
				en,
				Base,
			);
			mainGroup = 041ECBA2296ED84C0053AC9C;
			productRefGroup = 041ECBAC296ED84C0053AC9C /* Products */;
			projectDirPath = "";
			projectRoot = "";
			targets = (
				041ECBAA296ED84C0053AC9C /* Seetube */,
			);
		};
/* End PBXProject section */

/* Begin PBXResourcesBuildPhase section */
		041ECBA9296ED84C0053AC9C /* Resources */ = {
			isa = PBXResourcesBuildPhase;
			buildActionMask = 2147483647;
			files = (
				041ECBBB296ED84E0053AC9C /* LaunchScreen.storyboard in Resources */,
				04159921296F155400EEB699 /* ResultMenuButton.xib in Resources */,
				0402BA622971D53C00B79935 /* BottomButton.xib in Resources */,
				04E8B795297053B5000F0859 /* SceneListTableViewCell.xib in Resources */,
				041ECBB8296ED84E0053AC9C /* Assets.xcassets in Resources */,
				041ECBB6296ED84C0053AC9C /* Main.storyboard in Resources */,
				04E8B78D2970514B000F0859 /* SceneListView.xib in Resources */,
				040E3CCB2971C8AC0057B25E /* LargeListStyleResultView.xib in Resources */,
				047A5F4E29708413007CDBC4 /* SceneListLargeTableViewCell.xib in Resources */,
				04A94F132978495700BF5F4B /* ReceiptView.xib in Resources */,
				040E3CBC2971AF290057B25E /* ListStyleResultView.xib in Resources */,
			);
			runOnlyForDeploymentPostprocessing = 0;
		};
/* End PBXResourcesBuildPhase section */

/* Begin PBXSourcesBuildPhase section */
		041ECBA7296ED84C0053AC9C /* Sources */ = {
			isa = PBXSourcesBuildPhase;
			buildActionMask = 2147483647;
			files = (
				04E8B794297053B5000F0859 /* SceneListTableViewCell.swift in Sources */,
				040A34372975C53A000B0099 /* AdaptiveFontSizeLabel.swift in Sources */,
				047A5F3B297075D6007CDBC4 /* EmotionResultViewController.swift in Sources */,
				040E3CBE2971B0130057B25E /* ListStyleResultView.swift in Sources */,
				041ECBCD296EF2FC0053AC9C /* CircleView.swift in Sources */,
				045E564A2976F42700E47C77 /* WithdrawalInformationViewController.swift in Sources */,
				046AD0FC2972A53C00602F89 /* ShortsResultViewController.swift in Sources */,
				045E564E2977068400E47C77 /* WithdrawlCoinTextField.swift in Sources */,
				047A5F4A29707D2B007CDBC4 /* HighlightResultViewController.swift in Sources */,
				046AD1092972FCC200602F89 /* SigninButton.swift in Sources */,
				041ECBC8296EE3E20053AC9C /* ResultMenuButton.swift in Sources */,
				045E56482976E70700E47C77 /* UIFont+Extension.swift in Sources */,
				0415992F296F477600EEB699 /* NibLoadable.swift in Sources */,
				041ECBAF296ED84C0053AC9C /* AppDelegate.swift in Sources */,
				047A5F3E29707739007CDBC4 /* SceneStealerResultViewController.swift in Sources */,
				04FA5D63297466D30015D91B /* ShopViewController.swift in Sources */,
				046AD0FF2972D1B000602F89 /* ShortsCollectionViewCell.swift in Sources */,
				04E8B78F2970524E000F0859 /* SceneListView.swift in Sources */,
				04159924296F3DA100EEB699 /* ResultMenuViewController.swift in Sources */,
				04A94F0B2978318B00BF5F4B /* CoinHistoryTableViewCell.swift in Sources */,
				047A5F4829707CBE007CDBC4 /* SceneListLargeView.swift in Sources */,
				040E3CCD2971C8C20057B25E /* LargeListStyleResultView.swift in Sources */,
				047A5F4D29708413007CDBC4 /* SceneListLargeTableViewCell.swift in Sources */,
				041ECBCF296EFEF40053AC9C /* GradientView.swift in Sources */,
				041ECBCB296EF0C80053AC9C /* UIView+Extension.swift in Sources */,
				0415992C296F42C100EEB699 /* ConcentrationResultViewController.swift in Sources */,
				0402BA602971D39500B79935 /* BottomButton.swift in Sources */,
				049F584D29784FFD002EC2F7 /* ReceiptView.swift in Sources */,
				046560502975591300C4CACD /* CALayer+Extension.swift in Sources */,
				041ECBB1296ED84C0053AC9C /* SceneDelegate.swift in Sources */,
				0412EEFC29705C5900256579 /* CircularProgressBar.swift in Sources */,
				04A94F062978129200BF5F4B /* MyPageViewController.swift in Sources */,
				0465604E29754E6D00C4CACD /* ReviewerTabBarController.swift in Sources */,
				045E56462976B54400E47C77 /* UnderLineTextField.swift in Sources */,
				046AD1042972E54F00602F89 /* LoginViewController.swift in Sources */,
				046AD1012972D7A900602F89 /* AlertDisplaying.swift in Sources */,
			);
			runOnlyForDeploymentPostprocessing = 0;
		};
/* End PBXSourcesBuildPhase section */

/* Begin PBXVariantGroup section */
		041ECBB4296ED84C0053AC9C /* Main.storyboard */ = {
			isa = PBXVariantGroup;
			children = (
				041ECBB5296ED84C0053AC9C /* Base */,
			);
			name = Main.storyboard;
			sourceTree = "<group>";
		};
		041ECBB9296ED84E0053AC9C /* LaunchScreen.storyboard */ = {
			isa = PBXVariantGroup;
			children = (
				041ECBBA296ED84E0053AC9C /* Base */,
			);
			name = LaunchScreen.storyboard;
			sourceTree = "<group>";
		};
/* End PBXVariantGroup section */

/* Begin XCBuildConfiguration section */
		041ECBBD296ED84E0053AC9C /* Debug */ = {
			isa = XCBuildConfiguration;
			buildSettings = {
				ALWAYS_SEARCH_USER_PATHS = NO;
				CLANG_ANALYZER_NONNULL = YES;
				CLANG_ANALYZER_NUMBER_OBJECT_CONVERSION = YES_AGGRESSIVE;
				CLANG_CXX_LANGUAGE_STANDARD = "gnu++20";
				CLANG_ENABLE_MODULES = YES;
				CLANG_ENABLE_OBJC_ARC = YES;
				CLANG_ENABLE_OBJC_WEAK = YES;
				CLANG_WARN_BLOCK_CAPTURE_AUTORELEASING = YES;
				CLANG_WARN_BOOL_CONVERSION = YES;
				CLANG_WARN_COMMA = YES;
				CLANG_WARN_CONSTANT_CONVERSION = YES;
				CLANG_WARN_DEPRECATED_OBJC_IMPLEMENTATIONS = YES;
				CLANG_WARN_DIRECT_OBJC_ISA_USAGE = YES_ERROR;
				CLANG_WARN_DOCUMENTATION_COMMENTS = YES;
				CLANG_WARN_EMPTY_BODY = YES;
				CLANG_WARN_ENUM_CONVERSION = YES;
				CLANG_WARN_INFINITE_RECURSION = YES;
				CLANG_WARN_INT_CONVERSION = YES;
				CLANG_WARN_NON_LITERAL_NULL_CONVERSION = YES;
				CLANG_WARN_OBJC_IMPLICIT_RETAIN_SELF = YES;
				CLANG_WARN_OBJC_LITERAL_CONVERSION = YES;
				CLANG_WARN_OBJC_ROOT_CLASS = YES_ERROR;
				CLANG_WARN_QUOTED_INCLUDE_IN_FRAMEWORK_HEADER = YES;
				CLANG_WARN_RANGE_LOOP_ANALYSIS = YES;
				CLANG_WARN_STRICT_PROTOTYPES = YES;
				CLANG_WARN_SUSPICIOUS_MOVE = YES;
				CLANG_WARN_UNGUARDED_AVAILABILITY = YES_AGGRESSIVE;
				CLANG_WARN_UNREACHABLE_CODE = YES;
				CLANG_WARN__DUPLICATE_METHOD_MATCH = YES;
				COPY_PHASE_STRIP = NO;
				DEBUG_INFORMATION_FORMAT = dwarf;
				ENABLE_STRICT_OBJC_MSGSEND = YES;
				ENABLE_TESTABILITY = YES;
				GCC_C_LANGUAGE_STANDARD = gnu11;
				GCC_DYNAMIC_NO_PIC = NO;
				GCC_NO_COMMON_BLOCKS = YES;
				GCC_OPTIMIZATION_LEVEL = 0;
				GCC_PREPROCESSOR_DEFINITIONS = (
					"DEBUG=1",
					"$(inherited)",
				);
				GCC_WARN_64_TO_32_BIT_CONVERSION = YES;
				GCC_WARN_ABOUT_RETURN_TYPE = YES_ERROR;
				GCC_WARN_UNDECLARED_SELECTOR = YES;
				GCC_WARN_UNINITIALIZED_AUTOS = YES_AGGRESSIVE;
				GCC_WARN_UNUSED_FUNCTION = YES;
				GCC_WARN_UNUSED_VARIABLE = YES;
				IPHONEOS_DEPLOYMENT_TARGET = 16.2;
				MTL_ENABLE_DEBUG_INFO = INCLUDE_SOURCE;
				MTL_FAST_MATH = YES;
				ONLY_ACTIVE_ARCH = YES;
				SDKROOT = iphoneos;
				SWIFT_ACTIVE_COMPILATION_CONDITIONS = DEBUG;
				SWIFT_OPTIMIZATION_LEVEL = "-Onone";
			};
			name = Debug;
		};
		041ECBBE296ED84E0053AC9C /* Release */ = {
			isa = XCBuildConfiguration;
			buildSettings = {
				ALWAYS_SEARCH_USER_PATHS = NO;
				CLANG_ANALYZER_NONNULL = YES;
				CLANG_ANALYZER_NUMBER_OBJECT_CONVERSION = YES_AGGRESSIVE;
				CLANG_CXX_LANGUAGE_STANDARD = "gnu++20";
				CLANG_ENABLE_MODULES = YES;
				CLANG_ENABLE_OBJC_ARC = YES;
				CLANG_ENABLE_OBJC_WEAK = YES;
				CLANG_WARN_BLOCK_CAPTURE_AUTORELEASING = YES;
				CLANG_WARN_BOOL_CONVERSION = YES;
				CLANG_WARN_COMMA = YES;
				CLANG_WARN_CONSTANT_CONVERSION = YES;
				CLANG_WARN_DEPRECATED_OBJC_IMPLEMENTATIONS = YES;
				CLANG_WARN_DIRECT_OBJC_ISA_USAGE = YES_ERROR;
				CLANG_WARN_DOCUMENTATION_COMMENTS = YES;
				CLANG_WARN_EMPTY_BODY = YES;
				CLANG_WARN_ENUM_CONVERSION = YES;
				CLANG_WARN_INFINITE_RECURSION = YES;
				CLANG_WARN_INT_CONVERSION = YES;
				CLANG_WARN_NON_LITERAL_NULL_CONVERSION = YES;
				CLANG_WARN_OBJC_IMPLICIT_RETAIN_SELF = YES;
				CLANG_WARN_OBJC_LITERAL_CONVERSION = YES;
				CLANG_WARN_OBJC_ROOT_CLASS = YES_ERROR;
				CLANG_WARN_QUOTED_INCLUDE_IN_FRAMEWORK_HEADER = YES;
				CLANG_WARN_RANGE_LOOP_ANALYSIS = YES;
				CLANG_WARN_STRICT_PROTOTYPES = YES;
				CLANG_WARN_SUSPICIOUS_MOVE = YES;
				CLANG_WARN_UNGUARDED_AVAILABILITY = YES_AGGRESSIVE;
				CLANG_WARN_UNREACHABLE_CODE = YES;
				CLANG_WARN__DUPLICATE_METHOD_MATCH = YES;
				COPY_PHASE_STRIP = NO;
				DEBUG_INFORMATION_FORMAT = "dwarf-with-dsym";
				ENABLE_NS_ASSERTIONS = NO;
				ENABLE_STRICT_OBJC_MSGSEND = YES;
				GCC_C_LANGUAGE_STANDARD = gnu11;
				GCC_NO_COMMON_BLOCKS = YES;
				GCC_WARN_64_TO_32_BIT_CONVERSION = YES;
				GCC_WARN_ABOUT_RETURN_TYPE = YES_ERROR;
				GCC_WARN_UNDECLARED_SELECTOR = YES;
				GCC_WARN_UNINITIALIZED_AUTOS = YES_AGGRESSIVE;
				GCC_WARN_UNUSED_FUNCTION = YES;
				GCC_WARN_UNUSED_VARIABLE = YES;
				IPHONEOS_DEPLOYMENT_TARGET = 16.2;
				MTL_ENABLE_DEBUG_INFO = NO;
				MTL_FAST_MATH = YES;
				SDKROOT = iphoneos;
				SWIFT_COMPILATION_MODE = wholemodule;
				SWIFT_OPTIMIZATION_LEVEL = "-O";
				VALIDATE_PRODUCT = YES;
			};
			name = Release;
		};
		041ECBC0296ED84E0053AC9C /* Debug */ = {
			isa = XCBuildConfiguration;
			buildSettings = {
				ASSETCATALOG_COMPILER_APPICON_NAME = AppIcon;
				ASSETCATALOG_COMPILER_GLOBAL_ACCENT_COLOR_NAME = AccentColor;
				CODE_SIGN_STYLE = Automatic;
				CURRENT_PROJECT_VERSION = 1;
				DEVELOPMENT_TEAM = 22RJP8YV7Q;
				GENERATE_INFOPLIST_FILE = YES;
				INFOPLIST_FILE = Seetube/Info.plist;
				INFOPLIST_KEY_UIApplicationSupportsIndirectInputEvents = YES;
				INFOPLIST_KEY_UILaunchStoryboardName = LaunchScreen;
				INFOPLIST_KEY_UIMainStoryboardFile = Main;
				INFOPLIST_KEY_UISupportedInterfaceOrientations_iPad = "UIInterfaceOrientationPortrait UIInterfaceOrientationPortraitUpsideDown UIInterfaceOrientationLandscapeLeft UIInterfaceOrientationLandscapeRight";
				INFOPLIST_KEY_UISupportedInterfaceOrientations_iPhone = "UIInterfaceOrientationPortrait UIInterfaceOrientationLandscapeLeft UIInterfaceOrientationLandscapeRight";
				LD_RUNPATH_SEARCH_PATHS = (
					"$(inherited)",
					"@executable_path/Frameworks",
				);
				MARKETING_VERSION = 1.0;
				PRODUCT_BUNDLE_IDENTIFIER = SoojeongChoi.Seetube;
				PRODUCT_NAME = "$(TARGET_NAME)";
				SWIFT_EMIT_LOC_STRINGS = YES;
				SWIFT_VERSION = 5.0;
				TARGETED_DEVICE_FAMILY = "1,2";
			};
			name = Debug;
		};
		041ECBC1296ED84E0053AC9C /* Release */ = {
			isa = XCBuildConfiguration;
			buildSettings = {
				ASSETCATALOG_COMPILER_APPICON_NAME = AppIcon;
				ASSETCATALOG_COMPILER_GLOBAL_ACCENT_COLOR_NAME = AccentColor;
				CODE_SIGN_STYLE = Automatic;
				CURRENT_PROJECT_VERSION = 1;
				DEVELOPMENT_TEAM = 22RJP8YV7Q;
				GENERATE_INFOPLIST_FILE = YES;
				INFOPLIST_FILE = Seetube/Info.plist;
				INFOPLIST_KEY_UIApplicationSupportsIndirectInputEvents = YES;
				INFOPLIST_KEY_UILaunchStoryboardName = LaunchScreen;
				INFOPLIST_KEY_UIMainStoryboardFile = Main;
				INFOPLIST_KEY_UISupportedInterfaceOrientations_iPad = "UIInterfaceOrientationPortrait UIInterfaceOrientationPortraitUpsideDown UIInterfaceOrientationLandscapeLeft UIInterfaceOrientationLandscapeRight";
				INFOPLIST_KEY_UISupportedInterfaceOrientations_iPhone = "UIInterfaceOrientationPortrait UIInterfaceOrientationLandscapeLeft UIInterfaceOrientationLandscapeRight";
				LD_RUNPATH_SEARCH_PATHS = (
					"$(inherited)",
					"@executable_path/Frameworks",
				);
				MARKETING_VERSION = 1.0;
				PRODUCT_BUNDLE_IDENTIFIER = SoojeongChoi.Seetube;
				PRODUCT_NAME = "$(TARGET_NAME)";
				SWIFT_EMIT_LOC_STRINGS = YES;
				SWIFT_VERSION = 5.0;
				TARGETED_DEVICE_FAMILY = "1,2";
			};
			name = Release;
		};
/* End XCBuildConfiguration section */

/* Begin XCConfigurationList section */
		041ECBA6296ED84C0053AC9C /* Build configuration list for PBXProject "Seetube" */ = {
			isa = XCConfigurationList;
			buildConfigurations = (
				041ECBBD296ED84E0053AC9C /* Debug */,
				041ECBBE296ED84E0053AC9C /* Release */,
			);
			defaultConfigurationIsVisible = 0;
			defaultConfigurationName = Release;
		};
		041ECBBF296ED84E0053AC9C /* Build configuration list for PBXNativeTarget "Seetube" */ = {
			isa = XCConfigurationList;
			buildConfigurations = (
				041ECBC0296ED84E0053AC9C /* Debug */,
				041ECBC1296ED84E0053AC9C /* Release */,
			);
			defaultConfigurationIsVisible = 0;
			defaultConfigurationName = Release;
		};
/* End XCConfigurationList section */
	};
	rootObject = 041ECBA3296ED84C0053AC9C /* Project object */;
}
