// !$*UTF8*$!
{
	archiveVersion = 1;
	classes = {
	};
	objectVersion = 56;
	objects = {

/* Begin PBXBuildFile section */
		0412EEFC29705C5900256579 /* CircularProgressBar.swift in Sources */ = {isa = PBXBuildFile; fileRef = 0412EEFB29705C5900256579 /* CircularProgressBar.swift */; };
		04159921296F155400EEB699 /* ResultMenuButton.xib in Resources */ = {isa = PBXBuildFile; fileRef = 04159920296F155400EEB699 /* ResultMenuButton.xib */; };
		04159924296F3DA100EEB699 /* ResultMenuViewController.swift in Sources */ = {isa = PBXBuildFile; fileRef = 04159923296F3DA100EEB699 /* ResultMenuViewController.swift */; };
		0415992C296F42C100EEB699 /* ConcentrationResultViewController.swift in Sources */ = {isa = PBXBuildFile; fileRef = 0415992B296F42C100EEB699 /* ConcentrationResultViewController.swift */; };
		0415992F296F477600EEB699 /* NibLoadable.swift in Sources */ = {isa = PBXBuildFile; fileRef = 0415992E296F477500EEB699 /* NibLoadable.swift */; };
		041ECBAF296ED84C0053AC9C /* AppDelegate.swift in Sources */ = {isa = PBXBuildFile; fileRef = 041ECBAE296ED84C0053AC9C /* AppDelegate.swift */; };
		041ECBB1296ED84C0053AC9C /* SceneDelegate.swift in Sources */ = {isa = PBXBuildFile; fileRef = 041ECBB0296ED84C0053AC9C /* SceneDelegate.swift */; };
		041ECBB3296ED84C0053AC9C /* ViewController.swift in Sources */ = {isa = PBXBuildFile; fileRef = 041ECBB2296ED84C0053AC9C /* ViewController.swift */; };
		041ECBB6296ED84C0053AC9C /* Main.storyboard in Resources */ = {isa = PBXBuildFile; fileRef = 041ECBB4296ED84C0053AC9C /* Main.storyboard */; };
		041ECBB8296ED84E0053AC9C /* Assets.xcassets in Resources */ = {isa = PBXBuildFile; fileRef = 041ECBB7296ED84E0053AC9C /* Assets.xcassets */; };
		041ECBBB296ED84E0053AC9C /* LaunchScreen.storyboard in Resources */ = {isa = PBXBuildFile; fileRef = 041ECBB9296ED84E0053AC9C /* LaunchScreen.storyboard */; };
		041ECBC8296EE3E20053AC9C /* ResultMenuButton.swift in Sources */ = {isa = PBXBuildFile; fileRef = 041ECBC7296EE3E20053AC9C /* ResultMenuButton.swift */; };
		041ECBCB296EF0C80053AC9C /* UIView+Extension.swift in Sources */ = {isa = PBXBuildFile; fileRef = 041ECBCA296EF0C80053AC9C /* UIView+Extension.swift */; };
		041ECBCD296EF2FC0053AC9C /* CircleView.swift in Sources */ = {isa = PBXBuildFile; fileRef = 041ECBCC296EF2FB0053AC9C /* CircleView.swift */; };
		041ECBCF296EFEF40053AC9C /* GradientView.swift in Sources */ = {isa = PBXBuildFile; fileRef = 041ECBCE296EFEF40053AC9C /* GradientView.swift */; };
		047A5F3B297075D6007CDBC4 /* EmotionResultViewController.swift in Sources */ = {isa = PBXBuildFile; fileRef = 047A5F3A297075D6007CDBC4 /* EmotionResultViewController.swift */; };
		047A5F3E29707739007CDBC4 /* SceneStealerResultViewController.swift in Sources */ = {isa = PBXBuildFile; fileRef = 047A5F3D29707739007CDBC4 /* SceneStealerResultViewController.swift */; };
		04E8B78D2970514B000F0859 /* SceneListView.xib in Resources */ = {isa = PBXBuildFile; fileRef = 04E8B78C2970514B000F0859 /* SceneListView.xib */; };
		04E8B78F2970524E000F0859 /* SceneListView.swift in Sources */ = {isa = PBXBuildFile; fileRef = 04E8B78E2970524E000F0859 /* SceneListView.swift */; };
		04E8B794297053B5000F0859 /* SceneListTableViewCell.swift in Sources */ = {isa = PBXBuildFile; fileRef = 04E8B792297053B5000F0859 /* SceneListTableViewCell.swift */; };
		04E8B795297053B5000F0859 /* SceneListTableViewCell.xib in Resources */ = {isa = PBXBuildFile; fileRef = 04E8B793297053B5000F0859 /* SceneListTableViewCell.xib */; };
/* End PBXBuildFile section */

/* Begin PBXFileReference section */
		0412EEFB29705C5900256579 /* CircularProgressBar.swift */ = {isa = PBXFileReference; lastKnownFileType = sourcecode.swift; path = CircularProgressBar.swift; sourceTree = "<group>"; };
		04159920296F155400EEB699 /* ResultMenuButton.xib */ = {isa = PBXFileReference; lastKnownFileType = file.xib; path = ResultMenuButton.xib; sourceTree = "<group>"; };
		04159923296F3DA100EEB699 /* ResultMenuViewController.swift */ = {isa = PBXFileReference; lastKnownFileType = sourcecode.swift; path = ResultMenuViewController.swift; sourceTree = "<group>"; };
		0415992B296F42C100EEB699 /* ConcentrationResultViewController.swift */ = {isa = PBXFileReference; lastKnownFileType = sourcecode.swift; path = ConcentrationResultViewController.swift; sourceTree = "<group>"; };
		0415992E296F477500EEB699 /* NibLoadable.swift */ = {isa = PBXFileReference; lastKnownFileType = sourcecode.swift; path = NibLoadable.swift; sourceTree = "<group>"; };
		041ECBAB296ED84C0053AC9C /* Seetube.app */ = {isa = PBXFileReference; explicitFileType = wrapper.application; includeInIndex = 0; path = Seetube.app; sourceTree = BUILT_PRODUCTS_DIR; };
		041ECBAE296ED84C0053AC9C /* AppDelegate.swift */ = {isa = PBXFileReference; lastKnownFileType = sourcecode.swift; path = AppDelegate.swift; sourceTree = "<group>"; };
		041ECBB0296ED84C0053AC9C /* SceneDelegate.swift */ = {isa = PBXFileReference; lastKnownFileType = sourcecode.swift; path = SceneDelegate.swift; sourceTree = "<group>"; };
		041ECBB2296ED84C0053AC9C /* ViewController.swift */ = {isa = PBXFileReference; lastKnownFileType = sourcecode.swift; path = ViewController.swift; sourceTree = "<group>"; };
		041ECBB5296ED84C0053AC9C /* Base */ = {isa = PBXFileReference; lastKnownFileType = file.storyboard; name = Base; path = Base.lproj/Main.storyboard; sourceTree = "<group>"; };
		041ECBB7296ED84E0053AC9C /* Assets.xcassets */ = {isa = PBXFileReference; lastKnownFileType = folder.assetcatalog; path = Assets.xcassets; sourceTree = "<group>"; };
		041ECBBA296ED84E0053AC9C /* Base */ = {isa = PBXFileReference; lastKnownFileType = file.storyboard; name = Base; path = Base.lproj/LaunchScreen.storyboard; sourceTree = "<group>"; };
		041ECBBC296ED84E0053AC9C /* Info.plist */ = {isa = PBXFileReference; lastKnownFileType = text.plist.xml; path = Info.plist; sourceTree = "<group>"; };
		041ECBC7296EE3E20053AC9C /* ResultMenuButton.swift */ = {isa = PBXFileReference; lastKnownFileType = sourcecode.swift; path = ResultMenuButton.swift; sourceTree = "<group>"; };
		041ECBCA296EF0C80053AC9C /* UIView+Extension.swift */ = {isa = PBXFileReference; lastKnownFileType = sourcecode.swift; path = "UIView+Extension.swift"; sourceTree = "<group>"; };
		041ECBCC296EF2FB0053AC9C /* CircleView.swift */ = {isa = PBXFileReference; lastKnownFileType = sourcecode.swift; path = CircleView.swift; sourceTree = "<group>"; };
		041ECBCE296EFEF40053AC9C /* GradientView.swift */ = {isa = PBXFileReference; lastKnownFileType = sourcecode.swift; path = GradientView.swift; sourceTree = "<group>"; };
		047A5F3A297075D6007CDBC4 /* EmotionResultViewController.swift */ = {isa = PBXFileReference; lastKnownFileType = sourcecode.swift; path = EmotionResultViewController.swift; sourceTree = "<group>"; };
		047A5F3D29707739007CDBC4 /* SceneStealerResultViewController.swift */ = {isa = PBXFileReference; lastKnownFileType = sourcecode.swift; path = SceneStealerResultViewController.swift; sourceTree = "<group>"; };
		04E8B78C2970514B000F0859 /* SceneListView.xib */ = {isa = PBXFileReference; lastKnownFileType = file.xib; path = SceneListView.xib; sourceTree = "<group>"; };
		04E8B78E2970524E000F0859 /* SceneListView.swift */ = {isa = PBXFileReference; lastKnownFileType = sourcecode.swift; path = SceneListView.swift; sourceTree = "<group>"; };
		04E8B792297053B5000F0859 /* SceneListTableViewCell.swift */ = {isa = PBXFileReference; lastKnownFileType = sourcecode.swift; path = SceneListTableViewCell.swift; sourceTree = "<group>"; };
		04E8B793297053B5000F0859 /* SceneListTableViewCell.xib */ = {isa = PBXFileReference; lastKnownFileType = file.xib; path = SceneListTableViewCell.xib; sourceTree = "<group>"; };
/* End PBXFileReference section */

/* Begin PBXFrameworksBuildPhase section */
		041ECBA8296ED84C0053AC9C /* Frameworks */ = {
			isa = PBXFrameworksBuildPhase;
			buildActionMask = 2147483647;
			files = (
			);
			runOnlyForDeploymentPostprocessing = 0;
		};
/* End PBXFrameworksBuildPhase section */

/* Begin PBXGroup section */
		04159922296F2CB600EEB699 /* Frameworks */ = {
			isa = PBXGroup;
			children = (
			);
			name = Frameworks;
			sourceTree = "<group>";
		};
		04159925296F3DA800EEB699 /* Youtuber */ = {
			isa = PBXGroup;
			children = (
				047A5F3829707587007CDBC4 /* Common */,
				04159928296F3DD400EEB699 /* ResultMenu */,
				04159929296F428A00EEB699 /* ConcentrationResult */,
				047A5F372970755E007CDBC4 /* EmotionResult */,
				047A5F3C297076E6007CDBC4 /* SceneStealerResult */,
			);
			path = Youtuber;
			sourceTree = "<group>";
		};
		04159926296F3DB100EEB699 /* Reviewer */ = {
			isa = PBXGroup;
			children = (
			);
			path = Reviewer;
			sourceTree = "<group>";
		};
		04159928296F3DD400EEB699 /* ResultMenu */ = {
			isa = PBXGroup;
			children = (
				04159923296F3DA100EEB699 /* ResultMenuViewController.swift */,
				041ECBC2296EE20C0053AC9C /* View */,
			);
			path = ResultMenu;
			sourceTree = "<group>";
		};
		04159929296F428A00EEB699 /* ConcentrationResult */ = {
			isa = PBXGroup;
			children = (
				0415992B296F42C100EEB699 /* ConcentrationResultViewController.swift */,
			);
			path = ConcentrationResult;
			sourceTree = "<group>";
		};
		0415992D296F475600EEB699 /* View */ = {
			isa = PBXGroup;
			children = (
				041ECBCC296EF2FB0053AC9C /* CircleView.swift */,
				041ECBCE296EFEF40053AC9C /* GradientView.swift */,
				0415992E296F477500EEB699 /* NibLoadable.swift */,
			);
			path = View;
			sourceTree = "<group>";
		};
		041ECBA2296ED84C0053AC9C = {
			isa = PBXGroup;
			children = (
				041ECBAD296ED84C0053AC9C /* Seetube */,
				041ECBAC296ED84C0053AC9C /* Products */,
				04159922296F2CB600EEB699 /* Frameworks */,
			);
			sourceTree = "<group>";
		};
		041ECBAC296ED84C0053AC9C /* Products */ = {
			isa = PBXGroup;
			children = (
				041ECBAB296ED84C0053AC9C /* Seetube.app */,
			);
			name = Products;
			sourceTree = "<group>";
		};
		041ECBAD296ED84C0053AC9C /* Seetube */ = {
			isa = PBXGroup;
			children = (
				0415992D296F475600EEB699 /* View */,
				041ECBC9296EF0B80053AC9C /* Extension */,
				04159926296F3DB100EEB699 /* Reviewer */,
				04159925296F3DA800EEB699 /* Youtuber */,
				041ECBAE296ED84C0053AC9C /* AppDelegate.swift */,
				041ECBB0296ED84C0053AC9C /* SceneDelegate.swift */,
				041ECBB2296ED84C0053AC9C /* ViewController.swift */,
				041ECBB4296ED84C0053AC9C /* Main.storyboard */,
				041ECBB7296ED84E0053AC9C /* Assets.xcassets */,
				041ECBB9296ED84E0053AC9C /* LaunchScreen.storyboard */,
				041ECBBC296ED84E0053AC9C /* Info.plist */,
			);
			path = Seetube;
			sourceTree = "<group>";
		};
		041ECBC2296EE20C0053AC9C /* View */ = {
			isa = PBXGroup;
			children = (
				04159920296F155400EEB699 /* ResultMenuButton.xib */,
				041ECBC7296EE3E20053AC9C /* ResultMenuButton.swift */,
			);
			path = View;
			sourceTree = "<group>";
		};
		041ECBC9296EF0B80053AC9C /* Extension */ = {
			isa = PBXGroup;
			children = (
				041ECBCA296EF0C80053AC9C /* UIView+Extension.swift */,
			);
			path = Extension;
			sourceTree = "<group>";
		};
		047A5F372970755E007CDBC4 /* EmotionResult */ = {
			isa = PBXGroup;
			children = (
				047A5F3A297075D6007CDBC4 /* EmotionResultViewController.swift */,
			);
			path = EmotionResult;
			sourceTree = "<group>";
		};
		047A5F3829707587007CDBC4 /* Common */ = {
			isa = PBXGroup;
			children = (
				047A5F3929707599007CDBC4 /* View */,
			);
			path = Common;
			sourceTree = "<group>";
		};
		047A5F3929707599007CDBC4 /* View */ = {
			isa = PBXGroup;
			children = (
				04E8B78C2970514B000F0859 /* SceneListView.xib */,
				04E8B78E2970524E000F0859 /* SceneListView.swift */,
				04E8B793297053B5000F0859 /* SceneListTableViewCell.xib */,
				04E8B792297053B5000F0859 /* SceneListTableViewCell.swift */,
				0412EEFB29705C5900256579 /* CircularProgressBar.swift */,
			);
			path = View;
			sourceTree = "<group>";
		};
		047A5F3C297076E6007CDBC4 /* SceneStealerResult */ = {
			isa = PBXGroup;
			children = (
				047A5F3D29707739007CDBC4 /* SceneStealerResultViewController.swift */,
			);
			path = SceneStealerResult;
			sourceTree = "<group>";
		};
/* End PBXGroup section */

/* Begin PBXNativeTarget section */
		041ECBAA296ED84C0053AC9C /* Seetube */ = {
			isa = PBXNativeTarget;
			buildConfigurationList = 041ECBBF296ED84E0053AC9C /* Build configuration list for PBXNativeTarget "Seetube" */;
			buildPhases = (
				041ECBA7296ED84C0053AC9C /* Sources */,
				041ECBA8296ED84C0053AC9C /* Frameworks */,
				041ECBA9296ED84C0053AC9C /* Resources */,
			);
			buildRules = (
			);
			dependencies = (
			);
			name = Seetube;
			productName = Seetube;
			productReference = 041ECBAB296ED84C0053AC9C /* Seetube.app */;
			productType = "com.apple.product-type.application";
		};
/* End PBXNativeTarget section */

/* Begin PBXProject section */
		041ECBA3296ED84C0053AC9C /* Project object */ = {
			isa = PBXProject;
			attributes = {
				BuildIndependentTargetsInParallel = 1;
				LastSwiftUpdateCheck = 1420;
				LastUpgradeCheck = 1420;
				TargetAttributes = {
					041ECBAA296ED84C0053AC9C = {
						CreatedOnToolsVersion = 14.2;
					};
				};
			};
			buildConfigurationList = 041ECBA6296ED84C0053AC9C /* Build configuration list for PBXProject "Seetube" */;
			compatibilityVersion = "Xcode 14.0";
			developmentRegion = en;
			hasScannedForEncodings = 0;
			knownRegions = (
				en,
				Base,
			);
			mainGroup = 041ECBA2296ED84C0053AC9C;
			productRefGroup = 041ECBAC296ED84C0053AC9C /* Products */;
			projectDirPath = "";
			projectRoot = "";
			targets = (
				041ECBAA296ED84C0053AC9C /* Seetube */,
			);
		};
/* End PBXProject section */

/* Begin PBXResourcesBuildPhase section */
		041ECBA9296ED84C0053AC9C /* Resources */ = {
			isa = PBXResourcesBuildPhase;
			buildActionMask = 2147483647;
			files = (
				041ECBBB296ED84E0053AC9C /* LaunchScreen.storyboard in Resources */,
				04159921296F155400EEB699 /* ResultMenuButton.xib in Resources */,
				04E8B795297053B5000F0859 /* SceneListTableViewCell.xib in Resources */,
				041ECBB8296ED84E0053AC9C /* Assets.xcassets in Resources */,
				041ECBB6296ED84C0053AC9C /* Main.storyboard in Resources */,
				04E8B78D2970514B000F0859 /* SceneListView.xib in Resources */,
			);
			runOnlyForDeploymentPostprocessing = 0;
		};
/* End PBXResourcesBuildPhase section */

/* Begin PBXSourcesBuildPhase section */
		041ECBA7296ED84C0053AC9C /* Sources */ = {
			isa = PBXSourcesBuildPhase;
			buildActionMask = 2147483647;
			files = (
				04E8B794297053B5000F0859 /* SceneListTableViewCell.swift in Sources */,
				047A5F3B297075D6007CDBC4 /* EmotionResultViewController.swift in Sources */,
				041ECBCD296EF2FC0053AC9C /* CircleView.swift in Sources */,
				041ECBB3296ED84C0053AC9C /* ViewController.swift in Sources */,
				041ECBC8296EE3E20053AC9C /* ResultMenuButton.swift in Sources */,
				0415992F296F477600EEB699 /* NibLoadable.swift in Sources */,
				041ECBAF296ED84C0053AC9C /* AppDelegate.swift in Sources */,
				047A5F3E29707739007CDBC4 /* SceneStealerResultViewController.swift in Sources */,
				04E8B78F2970524E000F0859 /* SceneListView.swift in Sources */,
				04159924296F3DA100EEB699 /* ResultMenuViewController.swift in Sources */,
				041ECBCF296EFEF40053AC9C /* GradientView.swift in Sources */,
				041ECBCB296EF0C80053AC9C /* UIView+Extension.swift in Sources */,
				0415992C296F42C100EEB699 /* ConcentrationResultViewController.swift in Sources */,
				041ECBB1296ED84C0053AC9C /* SceneDelegate.swift in Sources */,
				0412EEFC29705C5900256579 /* CircularProgressBar.swift in Sources */,
			);
			runOnlyForDeploymentPostprocessing = 0;
		};
/* End PBXSourcesBuildPhase section */

/* Begin PBXVariantGroup section */
		041ECBB4296ED84C0053AC9C /* Main.storyboard */ = {
			isa = PBXVariantGroup;
			children = (
				041ECBB5296ED84C0053AC9C /* Base */,
			);
			name = Main.storyboard;
			sourceTree = "<group>";
		};
		041ECBB9296ED84E0053AC9C /* LaunchScreen.storyboard */ = {
			isa = PBXVariantGroup;
			children = (
				041ECBBA296ED84E0053AC9C /* Base */,
			);
			name = LaunchScreen.storyboard;
			sourceTree = "<group>";
		};
/* End PBXVariantGroup section */

/* Begin XCBuildConfiguration section */
		041ECBBD296ED84E0053AC9C /* Debug */ = {
			isa = XCBuildConfiguration;
			buildSettings = {
				ALWAYS_SEARCH_USER_PATHS = NO;
				CLANG_ANALYZER_NONNULL = YES;
				CLANG_ANALYZER_NUMBER_OBJECT_CONVERSION = YES_AGGRESSIVE;
				CLANG_CXX_LANGUAGE_STANDARD = "gnu++20";
				CLANG_ENABLE_MODULES = YES;
				CLANG_ENABLE_OBJC_ARC = YES;
				CLANG_ENABLE_OBJC_WEAK = YES;
				CLANG_WARN_BLOCK_CAPTURE_AUTORELEASING = YES;
				CLANG_WARN_BOOL_CONVERSION = YES;
				CLANG_WARN_COMMA = YES;
				CLANG_WARN_CONSTANT_CONVERSION = YES;
				CLANG_WARN_DEPRECATED_OBJC_IMPLEMENTATIONS = YES;
				CLANG_WARN_DIRECT_OBJC_ISA_USAGE = YES_ERROR;
				CLANG_WARN_DOCUMENTATION_COMMENTS = YES;
				CLANG_WARN_EMPTY_BODY = YES;
				CLANG_WARN_ENUM_CONVERSION = YES;
				CLANG_WARN_INFINITE_RECURSION = YES;
				CLANG_WARN_INT_CONVERSION = YES;
				CLANG_WARN_NON_LITERAL_NULL_CONVERSION = YES;
				CLANG_WARN_OBJC_IMPLICIT_RETAIN_SELF = YES;
				CLANG_WARN_OBJC_LITERAL_CONVERSION = YES;
				CLANG_WARN_OBJC_ROOT_CLASS = YES_ERROR;
				CLANG_WARN_QUOTED_INCLUDE_IN_FRAMEWORK_HEADER = YES;
				CLANG_WARN_RANGE_LOOP_ANALYSIS = YES;
				CLANG_WARN_STRICT_PROTOTYPES = YES;
				CLANG_WARN_SUSPICIOUS_MOVE = YES;
				CLANG_WARN_UNGUARDED_AVAILABILITY = YES_AGGRESSIVE;
				CLANG_WARN_UNREACHABLE_CODE = YES;
				CLANG_WARN__DUPLICATE_METHOD_MATCH = YES;
				COPY_PHASE_STRIP = NO;
				DEBUG_INFORMATION_FORMAT = dwarf;
				ENABLE_STRICT_OBJC_MSGSEND = YES;
				ENABLE_TESTABILITY = YES;
				GCC_C_LANGUAGE_STANDARD = gnu11;
				GCC_DYNAMIC_NO_PIC = NO;
				GCC_NO_COMMON_BLOCKS = YES;
				GCC_OPTIMIZATION_LEVEL = 0;
				GCC_PREPROCESSOR_DEFINITIONS = (
					"DEBUG=1",
					"$(inherited)",
				);
				GCC_WARN_64_TO_32_BIT_CONVERSION = YES;
				GCC_WARN_ABOUT_RETURN_TYPE = YES_ERROR;
				GCC_WARN_UNDECLARED_SELECTOR = YES;
				GCC_WARN_UNINITIALIZED_AUTOS = YES_AGGRESSIVE;
				GCC_WARN_UNUSED_FUNCTION = YES;
				GCC_WARN_UNUSED_VARIABLE = YES;
				IPHONEOS_DEPLOYMENT_TARGET = 16.2;
				MTL_ENABLE_DEBUG_INFO = INCLUDE_SOURCE;
				MTL_FAST_MATH = YES;
				ONLY_ACTIVE_ARCH = YES;
				SDKROOT = iphoneos;
				SWIFT_ACTIVE_COMPILATION_CONDITIONS = DEBUG;
				SWIFT_OPTIMIZATION_LEVEL = "-Onone";
			};
			name = Debug;
		};
		041ECBBE296ED84E0053AC9C /* Release */ = {
			isa = XCBuildConfiguration;
			buildSettings = {
				ALWAYS_SEARCH_USER_PATHS = NO;
				CLANG_ANALYZER_NONNULL = YES;
				CLANG_ANALYZER_NUMBER_OBJECT_CONVERSION = YES_AGGRESSIVE;
				CLANG_CXX_LANGUAGE_STANDARD = "gnu++20";
				CLANG_ENABLE_MODULES = YES;
				CLANG_ENABLE_OBJC_ARC = YES;
				CLANG_ENABLE_OBJC_WEAK = YES;
				CLANG_WARN_BLOCK_CAPTURE_AUTORELEASING = YES;
				CLANG_WARN_BOOL_CONVERSION = YES;
				CLANG_WARN_COMMA = YES;
				CLANG_WARN_CONSTANT_CONVERSION = YES;
				CLANG_WARN_DEPRECATED_OBJC_IMPLEMENTATIONS = YES;
				CLANG_WARN_DIRECT_OBJC_ISA_USAGE = YES_ERROR;
				CLANG_WARN_DOCUMENTATION_COMMENTS = YES;
				CLANG_WARN_EMPTY_BODY = YES;
				CLANG_WARN_ENUM_CONVERSION = YES;
				CLANG_WARN_INFINITE_RECURSION = YES;
				CLANG_WARN_INT_CONVERSION = YES;
				CLANG_WARN_NON_LITERAL_NULL_CONVERSION = YES;
				CLANG_WARN_OBJC_IMPLICIT_RETAIN_SELF = YES;
				CLANG_WARN_OBJC_LITERAL_CONVERSION = YES;
				CLANG_WARN_OBJC_ROOT_CLASS = YES_ERROR;
				CLANG_WARN_QUOTED_INCLUDE_IN_FRAMEWORK_HEADER = YES;
				CLANG_WARN_RANGE_LOOP_ANALYSIS = YES;
				CLANG_WARN_STRICT_PROTOTYPES = YES;
				CLANG_WARN_SUSPICIOUS_MOVE = YES;
				CLANG_WARN_UNGUARDED_AVAILABILITY = YES_AGGRESSIVE;
				CLANG_WARN_UNREACHABLE_CODE = YES;
				CLANG_WARN__DUPLICATE_METHOD_MATCH = YES;
				COPY_PHASE_STRIP = NO;
				DEBUG_INFORMATION_FORMAT = "dwarf-with-dsym";
				ENABLE_NS_ASSERTIONS = NO;
				ENABLE_STRICT_OBJC_MSGSEND = YES;
				GCC_C_LANGUAGE_STANDARD = gnu11;
				GCC_NO_COMMON_BLOCKS = YES;
				GCC_WARN_64_TO_32_BIT_CONVERSION = YES;
				GCC_WARN_ABOUT_RETURN_TYPE = YES_ERROR;
				GCC_WARN_UNDECLARED_SELECTOR = YES;
				GCC_WARN_UNINITIALIZED_AUTOS = YES_AGGRESSIVE;
				GCC_WARN_UNUSED_FUNCTION = YES;
				GCC_WARN_UNUSED_VARIABLE = YES;
				IPHONEOS_DEPLOYMENT_TARGET = 16.2;
				MTL_ENABLE_DEBUG_INFO = NO;
				MTL_FAST_MATH = YES;
				SDKROOT = iphoneos;
				SWIFT_COMPILATION_MODE = wholemodule;
				SWIFT_OPTIMIZATION_LEVEL = "-O";
				VALIDATE_PRODUCT = YES;
			};
			name = Release;
		};
		041ECBC0296ED84E0053AC9C /* Debug */ = {
			isa = XCBuildConfiguration;
			buildSettings = {
				ASSETCATALOG_COMPILER_APPICON_NAME = AppIcon;
				ASSETCATALOG_COMPILER_GLOBAL_ACCENT_COLOR_NAME = AccentColor;
				CODE_SIGN_STYLE = Automatic;
				CURRENT_PROJECT_VERSION = 1;
				DEVELOPMENT_TEAM = 22RJP8YV7Q;
				GENERATE_INFOPLIST_FILE = YES;
				INFOPLIST_FILE = Seetube/Info.plist;
				INFOPLIST_KEY_UIApplicationSupportsIndirectInputEvents = YES;
				INFOPLIST_KEY_UILaunchStoryboardName = LaunchScreen;
				INFOPLIST_KEY_UIMainStoryboardFile = Main;
				INFOPLIST_KEY_UISupportedInterfaceOrientations_iPad = "UIInterfaceOrientationPortrait UIInterfaceOrientationPortraitUpsideDown UIInterfaceOrientationLandscapeLeft UIInterfaceOrientationLandscapeRight";
				INFOPLIST_KEY_UISupportedInterfaceOrientations_iPhone = "UIInterfaceOrientationPortrait UIInterfaceOrientationLandscapeLeft UIInterfaceOrientationLandscapeRight";
				LD_RUNPATH_SEARCH_PATHS = (
					"$(inherited)",
					"@executable_path/Frameworks",
				);
				MARKETING_VERSION = 1.0;
				PRODUCT_BUNDLE_IDENTIFIER = SoojeongChoi.Seetube;
				PRODUCT_NAME = "$(TARGET_NAME)";
				SWIFT_EMIT_LOC_STRINGS = YES;
				SWIFT_VERSION = 5.0;
				TARGETED_DEVICE_FAMILY = "1,2";
			};
			name = Debug;
		};
		041ECBC1296ED84E0053AC9C /* Release */ = {
			isa = XCBuildConfiguration;
			buildSettings = {
				ASSETCATALOG_COMPILER_APPICON_NAME = AppIcon;
				ASSETCATALOG_COMPILER_GLOBAL_ACCENT_COLOR_NAME = AccentColor;
				CODE_SIGN_STYLE = Automatic;
				CURRENT_PROJECT_VERSION = 1;
				DEVELOPMENT_TEAM = 22RJP8YV7Q;
				GENERATE_INFOPLIST_FILE = YES;
				INFOPLIST_FILE = Seetube/Info.plist;
				INFOPLIST_KEY_UIApplicationSupportsIndirectInputEvents = YES;
				INFOPLIST_KEY_UILaunchStoryboardName = LaunchScreen;
				INFOPLIST_KEY_UIMainStoryboardFile = Main;
				INFOPLIST_KEY_UISupportedInterfaceOrientations_iPad = "UIInterfaceOrientationPortrait UIInterfaceOrientationPortraitUpsideDown UIInterfaceOrientationLandscapeLeft UIInterfaceOrientationLandscapeRight";
				INFOPLIST_KEY_UISupportedInterfaceOrientations_iPhone = "UIInterfaceOrientationPortrait UIInterfaceOrientationLandscapeLeft UIInterfaceOrientationLandscapeRight";
				LD_RUNPATH_SEARCH_PATHS = (
					"$(inherited)",
					"@executable_path/Frameworks",
				);
				MARKETING_VERSION = 1.0;
				PRODUCT_BUNDLE_IDENTIFIER = SoojeongChoi.Seetube;
				PRODUCT_NAME = "$(TARGET_NAME)";
				SWIFT_EMIT_LOC_STRINGS = YES;
				SWIFT_VERSION = 5.0;
				TARGETED_DEVICE_FAMILY = "1,2";
			};
			name = Release;
		};
/* End XCBuildConfiguration section */

/* Begin XCConfigurationList section */
		041ECBA6296ED84C0053AC9C /* Build configuration list for PBXProject "Seetube" */ = {
			isa = XCConfigurationList;
			buildConfigurations = (
				041ECBBD296ED84E0053AC9C /* Debug */,
				041ECBBE296ED84E0053AC9C /* Release */,
			);
			defaultConfigurationIsVisible = 0;
			defaultConfigurationName = Release;
		};
		041ECBBF296ED84E0053AC9C /* Build configuration list for PBXNativeTarget "Seetube" */ = {
			isa = XCConfigurationList;
			buildConfigurations = (
				041ECBC0296ED84E0053AC9C /* Debug */,
				041ECBC1296ED84E0053AC9C /* Release */,
			);
			defaultConfigurationIsVisible = 0;
			defaultConfigurationName = Release;
		};
/* End XCConfigurationList section */
	};
	rootObject = 041ECBA3296ED84C0053AC9C /* Project object */;
}
